
Microsoft Visual Studio Solution File, Format Version 12.00
# Visual Studio 14
VisualStudioVersion = 14.0.23107.0
MinimumVisualStudioVersion = 10.0.40219.1
Project("{FAE04EC0-301F-11D3-BF4B-00C04F79EFBC}") = "TrackableData", "core\TrackableData\TrackableData.csproj", "{C2C3A8CA-62F9-4C5A-8B2B-5091E5A41C54}"
EndProject
Project("{2150E333-8FDC-42A3-9474-1A3956D46DE8}") = "Core", "Core", "{4E8FE3E2-E85F-4503-8C2C-B2461553AE7B}"
EndProject
Project("{FAE04EC0-301F-11D3-BF4B-00C04F79EFBC}") = "TrackableData-Json", "core\TrackableData-Json\TrackableData-Json.csproj", "{F4185A6A-B952-4EA5-9B23-5C7AF6AE7712}"
EndProject
Project("{FAE04EC0-301F-11D3-BF4B-00C04F79EFBC}") = "TrackableData-Sql", "core\TrackableData-Sql\TrackableData-Sql.csproj", "{505EDF72-41F9-499D-B213-9FC9B8932489}"
EndProject
Project("{2150E333-8FDC-42A3-9474-1A3956D46DE8}") = "Example-Basic", "Example-Basic", "{C06A38EC-AF66-42FE-A5EE-A8C7B1AA1937}"
EndProject
Project("{2150E333-8FDC-42A3-9474-1A3956D46DE8}") = "Solution Items", "Solution Items", "{ACB869BE-C5E9-4F09-A698-2E0A796E3EF4}"
	ProjectSection(SolutionItems) = preProject
		NOTE.md = NOTE.md
		README.md = README.md
	EndProjectSection
EndProject
Project("{FAE04EC0-301F-11D3-BF4B-00C04F79EFBC}") = "Basic.Data", "examples\Basic\Basic.Data\Basic.Data.csproj", "{DF476956-9AEC-4CD0-AF0A-145C12DDCDC4}"
	ProjectSection(ProjectDependencies) = postProject
		{011E72B0-3E37-4652-ACB9-2CAC26665AFD} = {011E72B0-3E37-4652-ACB9-2CAC26665AFD}
	EndProjectSection
EndProject
Project("{FAE04EC0-301F-11D3-BF4B-00C04F79EFBC}") = "Basic.Program", "examples\Basic\Basic.Program\Basic.Program.csproj", "{C26DE5D4-6F83-481D-BDF5-989C32B74750}"
EndProject
Project("{FAE04EC0-301F-11D3-BF4B-00C04F79EFBC}") = "CodeGenerator", "core\CodeGenerator\CodeGenerator.csproj", "{011E72B0-3E37-4652-ACB9-2CAC26665AFD}"
EndProject
Project("{FAE04EC0-301F-11D3-BF4B-00C04F79EFBC}") = "TrackableData.Tests", "core\TrackableData.Tests\TrackableData.Tests.csproj", "{2E3DF5C2-8A38-4A03-86D7-8D463C917E47}"
EndProject
Project("{FAE04EC0-301F-11D3-BF4B-00C04F79EFBC}") = "TrackableData-Json.Tests", "core\TrackableData-Json.Tests\TrackableData-Json.Tests.csproj", "{34645A27-2FCF-42E0-B93D-0E5A6685FE3D}"
EndProject
Project("{FAE04EC0-301F-11D3-BF4B-00C04F79EFBC}") = "TrackableData-Protobuf", "core\TrackableData-Protobuf\TrackableData-Protobuf.csproj", "{182F783A-ED38-4245-89D1-20086C98A372}"
EndProject
Project("{FAE04EC0-301F-11D3-BF4B-00C04F79EFBC}") = "TrackableData-Protobuf.Tests", "core\TrackableData-Protobuf.Tests\TrackableData-Protobuf.Tests.csproj", "{6FC26014-DDB1-47B8-9F21-874F18926ABC}"
EndProject
Global
	GlobalSection(SolutionConfigurationPlatforms) = preSolution
		Debug|Any CPU = Debug|Any CPU
		Release|Any CPU = Release|Any CPU
	EndGlobalSection
	GlobalSection(ProjectConfigurationPlatforms) = postSolution
		{C2C3A8CA-62F9-4C5A-8B2B-5091E5A41C54}.Debug|Any CPU.ActiveCfg = Debug|Any CPU
		{C2C3A8CA-62F9-4C5A-8B2B-5091E5A41C54}.Debug|Any CPU.Build.0 = Debug|Any CPU
		{C2C3A8CA-62F9-4C5A-8B2B-5091E5A41C54}.Release|Any CPU.ActiveCfg = Release|Any CPU
		{C2C3A8CA-62F9-4C5A-8B2B-5091E5A41C54}.Release|Any CPU.Build.0 = Release|Any CPU
		{F4185A6A-B952-4EA5-9B23-5C7AF6AE7712}.Debug|Any CPU.ActiveCfg = Debug|Any CPU
		{F4185A6A-B952-4EA5-9B23-5C7AF6AE7712}.Debug|Any CPU.Build.0 = Debug|Any CPU
		{F4185A6A-B952-4EA5-9B23-5C7AF6AE7712}.Release|Any CPU.ActiveCfg = Release|Any CPU
		{F4185A6A-B952-4EA5-9B23-5C7AF6AE7712}.Release|Any CPU.Build.0 = Release|Any CPU
		{505EDF72-41F9-499D-B213-9FC9B8932489}.Debug|Any CPU.ActiveCfg = Debug|Any CPU
		{505EDF72-41F9-499D-B213-9FC9B8932489}.Debug|Any CPU.Build.0 = Debug|Any CPU
		{505EDF72-41F9-499D-B213-9FC9B8932489}.Release|Any CPU.ActiveCfg = Release|Any CPU
		{505EDF72-41F9-499D-B213-9FC9B8932489}.Release|Any CPU.Build.0 = Release|Any CPU
		{DF476956-9AEC-4CD0-AF0A-145C12DDCDC4}.Debug|Any CPU.ActiveCfg = Debug|Any CPU
		{DF476956-9AEC-4CD0-AF0A-145C12DDCDC4}.Debug|Any CPU.Build.0 = Debug|Any CPU
		{DF476956-9AEC-4CD0-AF0A-145C12DDCDC4}.Release|Any CPU.ActiveCfg = Release|Any CPU
		{DF476956-9AEC-4CD0-AF0A-145C12DDCDC4}.Release|Any CPU.Build.0 = Release|Any CPU
		{C26DE5D4-6F83-481D-BDF5-989C32B74750}.Debug|Any CPU.ActiveCfg = Debug|Any CPU
		{C26DE5D4-6F83-481D-BDF5-989C32B74750}.Debug|Any CPU.Build.0 = Debug|Any CPU
		{C26DE5D4-6F83-481D-BDF5-989C32B74750}.Release|Any CPU.ActiveCfg = Release|Any CPU
		{C26DE5D4-6F83-481D-BDF5-989C32B74750}.Release|Any CPU.Build.0 = Release|Any CPU
		{011E72B0-3E37-4652-ACB9-2CAC26665AFD}.Debug|Any CPU.ActiveCfg = Debug|Any CPU
		{011E72B0-3E37-4652-ACB9-2CAC26665AFD}.Debug|Any CPU.Build.0 = Debug|Any CPU
		{011E72B0-3E37-4652-ACB9-2CAC26665AFD}.Release|Any CPU.ActiveCfg = Release|Any CPU
		{011E72B0-3E37-4652-ACB9-2CAC26665AFD}.Release|Any CPU.Build.0 = Release|Any CPU
		{2E3DF5C2-8A38-4A03-86D7-8D463C917E47}.Debug|Any CPU.ActiveCfg = Debug|Any CPU
		{2E3DF5C2-8A38-4A03-86D7-8D463C917E47}.Debug|Any CPU.Build.0 = Debug|Any CPU
		{2E3DF5C2-8A38-4A03-86D7-8D463C917E47}.Release|Any CPU.ActiveCfg = Release|Any CPU
		{2E3DF5C2-8A38-4A03-86D7-8D463C917E47}.Release|Any CPU.Build.0 = Release|Any CPU
		{34645A27-2FCF-42E0-B93D-0E5A6685FE3D}.Debug|Any CPU.ActiveCfg = Debug|Any CPU
		{34645A27-2FCF-42E0-B93D-0E5A6685FE3D}.Debug|Any CPU.Build.0 = Debug|Any CPU
		{34645A27-2FCF-42E0-B93D-0E5A6685FE3D}.Release|Any CPU.ActiveCfg = Release|Any CPU
		{34645A27-2FCF-42E0-B93D-0E5A6685FE3D}.Release|Any CPU.Build.0 = Release|Any CPU
		{182F783A-ED38-4245-89D1-20086C98A372}.Debug|Any CPU.ActiveCfg = Debug|Any CPU
		{182F783A-ED38-4245-89D1-20086C98A372}.Debug|Any CPU.Build.0 = Debug|Any CPU
		{182F783A-ED38-4245-89D1-20086C98A372}.Release|Any CPU.ActiveCfg = Release|Any CPU
		{182F783A-ED38-4245-89D1-20086C98A372}.Release|Any CPU.Build.0 = Release|Any CPU
		{6FC26014-DDB1-47B8-9F21-874F18926ABC}.Debug|Any CPU.ActiveCfg = Debug|Any CPU
		{6FC26014-DDB1-47B8-9F21-874F18926ABC}.Debug|Any CPU.Build.0 = Debug|Any CPU
		{6FC26014-DDB1-47B8-9F21-874F18926ABC}.Release|Any CPU.ActiveCfg = Release|Any CPU
		{6FC26014-DDB1-47B8-9F21-874F18926ABC}.Release|Any CPU.Build.0 = Release|Any CPU
	EndGlobalSection
	GlobalSection(SolutionProperties) = preSolution
		HideSolutionNode = FALSE
	EndGlobalSection
	GlobalSection(NestedProjects) = preSolution
		{C2C3A8CA-62F9-4C5A-8B2B-5091E5A41C54} = {4E8FE3E2-E85F-4503-8C2C-B2461553AE7B}
		{F4185A6A-B952-4EA5-9B23-5C7AF6AE7712} = {4E8FE3E2-E85F-4503-8C2C-B2461553AE7B}
		{505EDF72-41F9-499D-B213-9FC9B8932489} = {4E8FE3E2-E85F-4503-8C2C-B2461553AE7B}
		{DF476956-9AEC-4CD0-AF0A-145C12DDCDC4} = {C06A38EC-AF66-42FE-A5EE-A8C7B1AA1937}
		{C26DE5D4-6F83-481D-BDF5-989C32B74750} = {C06A38EC-AF66-42FE-A5EE-A8C7B1AA1937}
		{011E72B0-3E37-4652-ACB9-2CAC26665AFD} = {4E8FE3E2-E85F-4503-8C2C-B2461553AE7B}
		{2E3DF5C2-8A38-4A03-86D7-8D463C917E47} = {4E8FE3E2-E85F-4503-8C2C-B2461553AE7B}
		{34645A27-2FCF-42E0-B93D-0E5A6685FE3D} = {4E8FE3E2-E85F-4503-8C2C-B2461553AE7B}
		{182F783A-ED38-4245-89D1-20086C98A372} = {4E8FE3E2-E85F-4503-8C2C-B2461553AE7B}
		{6FC26014-DDB1-47B8-9F21-874F18926ABC} = {4E8FE3E2-E85F-4503-8C2C-B2461553AE7B}
	EndGlobalSection
EndGlobal
