
Microsoft Visual Studio Solution File, Format Version 12.00
# Visual Studio 14
VisualStudioVersion = 14.0.23107.0
MinimumVisualStudioVersion = 10.0.40219.1
Project("{FAE04EC0-301F-11D3-BF4B-00C04F79EFBC}") = "TrackableData", "core\TrackableData\TrackableData.csproj", "{C2C3A8CA-62F9-4C5A-8B2B-5091E5A41C54}"
EndProject
Project("{2150E333-8FDC-42A3-9474-1A3956D46DE8}") = "Core", "Core", "{4E8FE3E2-E85F-4503-8C2C-B2461553AE7B}"
EndProject
Project("{FAE04EC0-301F-11D3-BF4B-00C04F79EFBC}") = "TrackableData-Json", "core\TrackableData-Json\TrackableData-Json.csproj", "{F4185A6A-B952-4EA5-9B23-5C7AF6AE7712}"
EndProject
Project("{FAE04EC0-301F-11D3-BF4B-00C04F79EFBC}") = "TrackableData-MsSql", "core\TrackableData-MsSql\TrackableData-MsSql.csproj", "{505EDF72-41F9-499D-B213-9FC9B8932489}"
EndProject
Project("{2150E333-8FDC-42A3-9474-1A3956D46DE8}") = "Example", "Example", "{C06A38EC-AF66-42FE-A5EE-A8C7B1AA1937}"
EndProject
Project("{2150E333-8FDC-42A3-9474-1A3956D46DE8}") = "Solution Items", "Solution Items", "{ACB869BE-C5E9-4F09-A698-2E0A796E3EF4}"
	ProjectSection(SolutionItems) = preProject
		NOTE.md = NOTE.md
		README.md = README.md
	EndProjectSection
EndProject
Project("{FAE04EC0-301F-11D3-BF4B-00C04F79EFBC}") = "CodeGenerator", "core\CodeGenerator\CodeGenerator.csproj", "{011E72B0-3E37-4652-ACB9-2CAC26665AFD}"
EndProject
Project("{FAE04EC0-301F-11D3-BF4B-00C04F79EFBC}") = "TrackableData.Tests", "core\TrackableData.Tests\TrackableData.Tests.csproj", "{2E3DF5C2-8A38-4A03-86D7-8D463C917E47}"
	ProjectSection(ProjectDependencies) = postProject
		{011E72B0-3E37-4652-ACB9-2CAC26665AFD} = {011E72B0-3E37-4652-ACB9-2CAC26665AFD}
	EndProjectSection
EndProject
Project("{FAE04EC0-301F-11D3-BF4B-00C04F79EFBC}") = "TrackableData-Json.Tests", "core\TrackableData-Json.Tests\TrackableData-Json.Tests.csproj", "{34645A27-2FCF-42E0-B93D-0E5A6685FE3D}"
	ProjectSection(ProjectDependencies) = postProject
		{011E72B0-3E37-4652-ACB9-2CAC26665AFD} = {011E72B0-3E37-4652-ACB9-2CAC26665AFD}
	EndProjectSection
EndProject
Project("{FAE04EC0-301F-11D3-BF4B-00C04F79EFBC}") = "TrackableData-Protobuf", "core\TrackableData-Protobuf\TrackableData-Protobuf.csproj", "{182F783A-ED38-4245-89D1-20086C98A372}"
EndProject
Project("{FAE04EC0-301F-11D3-BF4B-00C04F79EFBC}") = "TrackableData-Protobuf.Tests", "core\TrackableData-Protobuf.Tests\TrackableData-Protobuf.Tests.csproj", "{6FC26014-DDB1-47B8-9F21-874F18926ABC}"
	ProjectSection(ProjectDependencies) = postProject
		{011E72B0-3E37-4652-ACB9-2CAC26665AFD} = {011E72B0-3E37-4652-ACB9-2CAC26665AFD}
	EndProjectSection
EndProject
Project("{FAE04EC0-301F-11D3-BF4B-00C04F79EFBC}") = "TrackableData-MsSql.Tests", "core\TrackableData-MsSql.Tests\TrackableData-MsSql.Tests.csproj", "{CE8A572A-1465-4EEE-B828-176F9F44F43A}"
	ProjectSection(ProjectDependencies) = postProject
		{011E72B0-3E37-4652-ACB9-2CAC26665AFD} = {011E72B0-3E37-4652-ACB9-2CAC26665AFD}
	EndProjectSection
EndProject
Project("{FAE04EC0-301F-11D3-BF4B-00C04F79EFBC}") = "Basic", "examples\Basic\Basic.csproj", "{F7869CF6-D68E-4CE2-A627-8AA7B41D9A79}"
	ProjectSection(ProjectDependencies) = postProject
		{011E72B0-3E37-4652-ACB9-2CAC26665AFD} = {011E72B0-3E37-4652-ACB9-2CAC26665AFD}
	EndProjectSection
EndProject
Project("{FAE04EC0-301F-11D3-BF4B-00C04F79EFBC}") = "Unity.Data", "examples\Unity\Data\Unity.Data.csproj", "{4CBC48CE-1DBC-4ED4-B62D-8DED45D459B5}"
	ProjectSection(ProjectDependencies) = postProject
		{011E72B0-3E37-4652-ACB9-2CAC26665AFD} = {011E72B0-3E37-4652-ACB9-2CAC26665AFD}
	EndProjectSection
EndProject
Global
	GlobalSection(SolutionConfigurationPlatforms) = preSolution
		Debug|Any CPU = Debug|Any CPU
		Release|Any CPU = Release|Any CPU
		Release-Net35|Any CPU = Release-Net35|Any CPU
	EndGlobalSection
	GlobalSection(ProjectConfigurationPlatforms) = postSolution
		{C2C3A8CA-62F9-4C5A-8B2B-5091E5A41C54}.Debug|Any CPU.ActiveCfg = Debug|Any CPU
		{C2C3A8CA-62F9-4C5A-8B2B-5091E5A41C54}.Debug|Any CPU.Build.0 = Debug|Any CPU
		{C2C3A8CA-62F9-4C5A-8B2B-5091E5A41C54}.Release|Any CPU.ActiveCfg = Release|Any CPU
		{C2C3A8CA-62F9-4C5A-8B2B-5091E5A41C54}.Release|Any CPU.Build.0 = Release|Any CPU
		{C2C3A8CA-62F9-4C5A-8B2B-5091E5A41C54}.Release-Net35|Any CPU.ActiveCfg = Release-Net35|Any CPU
		{C2C3A8CA-62F9-4C5A-8B2B-5091E5A41C54}.Release-Net35|Any CPU.Build.0 = Release-Net35|Any CPU
		{F4185A6A-B952-4EA5-9B23-5C7AF6AE7712}.Debug|Any CPU.ActiveCfg = Debug|Any CPU
		{F4185A6A-B952-4EA5-9B23-5C7AF6AE7712}.Debug|Any CPU.Build.0 = Debug|Any CPU
		{F4185A6A-B952-4EA5-9B23-5C7AF6AE7712}.Release|Any CPU.ActiveCfg = Release|Any CPU
		{F4185A6A-B952-4EA5-9B23-5C7AF6AE7712}.Release|Any CPU.Build.0 = Release|Any CPU
		{F4185A6A-B952-4EA5-9B23-5C7AF6AE7712}.Release-Net35|Any CPU.ActiveCfg = Release-Net35|Any CPU
		{F4185A6A-B952-4EA5-9B23-5C7AF6AE7712}.Release-Net35|Any CPU.Build.0 = Release-Net35|Any CPU
		{505EDF72-41F9-499D-B213-9FC9B8932489}.Debug|Any CPU.ActiveCfg = Debug|Any CPU
		{505EDF72-41F9-499D-B213-9FC9B8932489}.Debug|Any CPU.Build.0 = Debug|Any CPU
		{505EDF72-41F9-499D-B213-9FC9B8932489}.Release|Any CPU.ActiveCfg = Release|Any CPU
		{505EDF72-41F9-499D-B213-9FC9B8932489}.Release|Any CPU.Build.0 = Release|Any CPU
		{505EDF72-41F9-499D-B213-9FC9B8932489}.Release-Net35|Any CPU.ActiveCfg = Release|Any CPU
		{011E72B0-3E37-4652-ACB9-2CAC26665AFD}.Debug|Any CPU.ActiveCfg = Debug|Any CPU
		{011E72B0-3E37-4652-ACB9-2CAC26665AFD}.Debug|Any CPU.Build.0 = Debug|Any CPU
		{011E72B0-3E37-4652-ACB9-2CAC26665AFD}.Release|Any CPU.ActiveCfg = Release|Any CPU
		{011E72B0-3E37-4652-ACB9-2CAC26665AFD}.Release|Any CPU.Build.0 = Release|Any CPU
		{011E72B0-3E37-4652-ACB9-2CAC26665AFD}.Release-Net35|Any CPU.ActiveCfg = Release|Any CPU
		{2E3DF5C2-8A38-4A03-86D7-8D463C917E47}.Debug|Any CPU.ActiveCfg = Debug|Any CPU
		{2E3DF5C2-8A38-4A03-86D7-8D463C917E47}.Debug|Any CPU.Build.0 = Debug|Any CPU
		{2E3DF5C2-8A38-4A03-86D7-8D463C917E47}.Release|Any CPU.ActiveCfg = Release|Any CPU
		{2E3DF5C2-8A38-4A03-86D7-8D463C917E47}.Release|Any CPU.Build.0 = Release|Any CPU
		{2E3DF5C2-8A38-4A03-86D7-8D463C917E47}.Release-Net35|Any CPU.ActiveCfg = Release|Any CPU
		{34645A27-2FCF-42E0-B93D-0E5A6685FE3D}.Debug|Any CPU.ActiveCfg = Debug|Any CPU
		{34645A27-2FCF-42E0-B93D-0E5A6685FE3D}.Debug|Any CPU.Build.0 = Debug|Any CPU
		{34645A27-2FCF-42E0-B93D-0E5A6685FE3D}.Release|Any CPU.ActiveCfg = Release|Any CPU
		{34645A27-2FCF-42E0-B93D-0E5A6685FE3D}.Release|Any CPU.Build.0 = Release|Any CPU
		{34645A27-2FCF-42E0-B93D-0E5A6685FE3D}.Release-Net35|Any CPU.ActiveCfg = Release|Any CPU
		{182F783A-ED38-4245-89D1-20086C98A372}.Debug|Any CPU.ActiveCfg = Debug|Any CPU
		{182F783A-ED38-4245-89D1-20086C98A372}.Debug|Any CPU.Build.0 = Debug|Any CPU
		{182F783A-ED38-4245-89D1-20086C98A372}.Release|Any CPU.ActiveCfg = Release|Any CPU
		{182F783A-ED38-4245-89D1-20086C98A372}.Release|Any CPU.Build.0 = Release|Any CPU
		{182F783A-ED38-4245-89D1-20086C98A372}.Release-Net35|Any CPU.ActiveCfg = Release-Net35|Any CPU
		{182F783A-ED38-4245-89D1-20086C98A372}.Release-Net35|Any CPU.Build.0 = Release-Net35|Any CPU
		{6FC26014-DDB1-47B8-9F21-874F18926ABC}.Debug|Any CPU.ActiveCfg = Debug|Any CPU
		{6FC26014-DDB1-47B8-9F21-874F18926ABC}.Debug|Any CPU.Build.0 = Debug|Any CPU
		{6FC26014-DDB1-47B8-9F21-874F18926ABC}.Release|Any CPU.ActiveCfg = Release|Any CPU
		{6FC26014-DDB1-47B8-9F21-874F18926ABC}.Release|Any CPU.Build.0 = Release|Any CPU
		{6FC26014-DDB1-47B8-9F21-874F18926ABC}.Release-Net35|Any CPU.ActiveCfg = Release|Any CPU
		{CE8A572A-1465-4EEE-B828-176F9F44F43A}.Debug|Any CPU.ActiveCfg = Debug|Any CPU
		{CE8A572A-1465-4EEE-B828-176F9F44F43A}.Debug|Any CPU.Build.0 = Debug|Any CPU
		{CE8A572A-1465-4EEE-B828-176F9F44F43A}.Release|Any CPU.ActiveCfg = Release|Any CPU
		{CE8A572A-1465-4EEE-B828-176F9F44F43A}.Release|Any CPU.Build.0 = Release|Any CPU
		{CE8A572A-1465-4EEE-B828-176F9F44F43A}.Release-Net35|Any CPU.ActiveCfg = Release|Any CPU
		{F7869CF6-D68E-4CE2-A627-8AA7B41D9A79}.Debug|Any CPU.ActiveCfg = Debug|Any CPU
		{F7869CF6-D68E-4CE2-A627-8AA7B41D9A79}.Debug|Any CPU.Build.0 = Debug|Any CPU
		{F7869CF6-D68E-4CE2-A627-8AA7B41D9A79}.Release|Any CPU.ActiveCfg = Release|Any CPU
		{F7869CF6-D68E-4CE2-A627-8AA7B41D9A79}.Release|Any CPU.Build.0 = Release|Any CPU
		{F7869CF6-D68E-4CE2-A627-8AA7B41D9A79}.Release-Net35|Any CPU.ActiveCfg = Release-Net35|Any CPU
		{F7869CF6-D68E-4CE2-A627-8AA7B41D9A79}.Release-Net35|Any CPU.Build.0 = Release-Net35|Any CPU
		{4CBC48CE-1DBC-4ED4-B62D-8DED45D459B5}.Debug|Any CPU.ActiveCfg = Debug|Any CPU
		{4CBC48CE-1DBC-4ED4-B62D-8DED45D459B5}.Debug|Any CPU.Build.0 = Debug|Any CPU
		{4CBC48CE-1DBC-4ED4-B62D-8DED45D459B5}.Release|Any CPU.ActiveCfg = Release|Any CPU
		{4CBC48CE-1DBC-4ED4-B62D-8DED45D459B5}.Release|Any CPU.Build.0 = Release|Any CPU
		{4CBC48CE-1DBC-4ED4-B62D-8DED45D459B5}.Release-Net35|Any CPU.ActiveCfg = Release-Net35|Any CPU
		{4CBC48CE-1DBC-4ED4-B62D-8DED45D459B5}.Release-Net35|Any CPU.Build.0 = Release-Net35|Any CPU
	EndGlobalSection
	GlobalSection(SolutionProperties) = preSolution
		HideSolutionNode = FALSE
	EndGlobalSection
	GlobalSection(NestedProjects) = preSolution
		{C2C3A8CA-62F9-4C5A-8B2B-5091E5A41C54} = {4E8FE3E2-E85F-4503-8C2C-B2461553AE7B}
		{F4185A6A-B952-4EA5-9B23-5C7AF6AE7712} = {4E8FE3E2-E85F-4503-8C2C-B2461553AE7B}
		{505EDF72-41F9-499D-B213-9FC9B8932489} = {4E8FE3E2-E85F-4503-8C2C-B2461553AE7B}
		{011E72B0-3E37-4652-ACB9-2CAC26665AFD} = {4E8FE3E2-E85F-4503-8C2C-B2461553AE7B}
		{2E3DF5C2-8A38-4A03-86D7-8D463C917E47} = {4E8FE3E2-E85F-4503-8C2C-B2461553AE7B}
		{34645A27-2FCF-42E0-B93D-0E5A6685FE3D} = {4E8FE3E2-E85F-4503-8C2C-B2461553AE7B}
		{182F783A-ED38-4245-89D1-20086C98A372} = {4E8FE3E2-E85F-4503-8C2C-B2461553AE7B}
		{6FC26014-DDB1-47B8-9F21-874F18926ABC} = {4E8FE3E2-E85F-4503-8C2C-B2461553AE7B}
		{CE8A572A-1465-4EEE-B828-176F9F44F43A} = {4E8FE3E2-E85F-4503-8C2C-B2461553AE7B}
		{F7869CF6-D68E-4CE2-A627-8AA7B41D9A79} = {C06A38EC-AF66-42FE-A5EE-A8C7B1AA1937}
		{4CBC48CE-1DBC-4ED4-B62D-8DED45D459B5} = {C06A38EC-AF66-42FE-A5EE-A8C7B1AA1937}
	EndGlobalSection
EndGlobal
